
Microsoft Visual Studio Solution File, Format Version 12.00
# Visual Studio Version 17
VisualStudioVersion = 17.3.32929.385
MinimumVisualStudioVersion = 10.0.40219.1
Project("{FAE04EC0-301F-11D3-BF4B-00C04F79EFBC}") = "RevitAPITrainingPipesInExel", "RevitAPITrainingPipesInExel\RevitAPITrainingPipesInExel.csproj", "{724479A7-2F62-4069-82C1-03DEA27B3A49}"
EndProject
Global
	GlobalSection(SolutionConfigurationPlatforms) = preSolution
		Debug|Any CPU = Debug|Any CPU
		Release|Any CPU = Release|Any CPU
	EndGlobalSection
	GlobalSection(ProjectConfigurationPlatforms) = postSolution
		{724479A7-2F62-4069-82C1-03DEA27B3A49}.Debug|Any CPU.ActiveCfg = Debug|Any CPU
		{724479A7-2F62-4069-82C1-03DEA27B3A49}.Debug|Any CPU.Build.0 = Debug|Any CPU
		{724479A7-2F62-4069-82C1-03DEA27B3A49}.Release|Any CPU.ActiveCfg = Release|Any CPU
		{724479A7-2F62-4069-82C1-03DEA27B3A49}.Release|Any CPU.Build.0 = Release|Any CPU
	EndGlobalSection
	GlobalSection(SolutionProperties) = preSolution
		HideSolutionNode = FALSE
	EndGlobalSection
	GlobalSection(ExtensibilityGlobals) = postSolution
		SolutionGuid = {8CB58D6C-16E2-47A5-8156-E4A2241D677E}
	EndGlobalSection
EndGlobal
